
Microsoft Visual Studio Solution File, Format Version 12.00
# Visual Studio Version 17
VisualStudioVersion = 17.3.32811.315
MinimumVisualStudioVersion = 10.0.40219.1
Project("{9A19103F-16F7-4668-BE54-9A1E7A4F7556}") = "Client", "DirectoryScanner\Client.csproj", "{2CF29921-B593-4E18-9E6F-524F86B63C48}"
EndProject
Project("{FAE04EC0-301F-11D3-BF4B-00C04F79EFBC}") = "Scanner", "Scanner\Scanner.csproj", "{D6E026BA-8159-4FD0-A3C9-DC13A1CA9F7B}"
EndProject
Project("{FAE04EC0-301F-11D3-BF4B-00C04F79EFBC}") = "ScannerTests", "ScannerTests\ScannerTests.csproj", "{95AE7A81-FF74-4492-BB36-10D65D870984}"
EndProject
Global
	GlobalSection(SolutionConfigurationPlatforms) = preSolution
		Debug|Any CPU = Debug|Any CPU
		Release|Any CPU = Release|Any CPU
	EndGlobalSection
	GlobalSection(ProjectConfigurationPlatforms) = postSolution
		{2CF29921-B593-4E18-9E6F-524F86B63C48}.Debug|Any CPU.ActiveCfg = Debug|Any CPU
		{2CF29921-B593-4E18-9E6F-524F86B63C48}.Debug|Any CPU.Build.0 = Debug|Any CPU
		{2CF29921-B593-4E18-9E6F-524F86B63C48}.Release|Any CPU.ActiveCfg = Release|Any CPU
		{2CF29921-B593-4E18-9E6F-524F86B63C48}.Release|Any CPU.Build.0 = Release|Any CPU
		{D6E026BA-8159-4FD0-A3C9-DC13A1CA9F7B}.Debug|Any CPU.ActiveCfg = Debug|Any CPU
		{D6E026BA-8159-4FD0-A3C9-DC13A1CA9F7B}.Debug|Any CPU.Build.0 = Debug|Any CPU
		{D6E026BA-8159-4FD0-A3C9-DC13A1CA9F7B}.Release|Any CPU.ActiveCfg = Release|Any CPU
		{D6E026BA-8159-4FD0-A3C9-DC13A1CA9F7B}.Release|Any CPU.Build.0 = Release|Any CPU
		{95AE7A81-FF74-4492-BB36-10D65D870984}.Debug|Any CPU.ActiveCfg = Debug|Any CPU
		{95AE7A81-FF74-4492-BB36-10D65D870984}.Debug|Any CPU.Build.0 = Debug|Any CPU
		{95AE7A81-FF74-4492-BB36-10D65D870984}.Release|Any CPU.ActiveCfg = Release|Any CPU
		{95AE7A81-FF74-4492-BB36-10D65D870984}.Release|Any CPU.Build.0 = Release|Any CPU
	EndGlobalSection
	GlobalSection(SolutionProperties) = preSolution
		HideSolutionNode = FALSE
	EndGlobalSection
	GlobalSection(ExtensibilityGlobals) = postSolution
		SolutionGuid = {D6271FBB-496C-4F1A-8868-0E9EF22B3540}
	EndGlobalSection
EndGlobal
